
Microsoft Visual Studio Solution File, Format Version 12.00
# Visual Studio Version 16
VisualStudioVersion = 16.0.29519.87
MinimumVisualStudioVersion = 10.0.40219.1
Project("{FAE04EC0-301F-11D3-BF4B-00C04F79EFBC}") = "Project-Test1", "Project-Test1.csproj", "{90A1BBCC-6696-4F82-A6CF-3395FF1EA972}"
EndProject
Global
	GlobalSection(SolutionConfigurationPlatforms) = preSolution
		Debug|Any CPU = Debug|Any CPU
		Release|Any CPU = Release|Any CPU
	EndGlobalSection
	GlobalSection(ProjectConfigurationPlatforms) = postSolution
		{90A1BBCC-6696-4F82-A6CF-3395FF1EA972}.Debug|Any CPU.ActiveCfg = Debug|Any CPU
		{90A1BBCC-6696-4F82-A6CF-3395FF1EA972}.Debug|Any CPU.Build.0 = Debug|Any CPU
		{90A1BBCC-6696-4F82-A6CF-3395FF1EA972}.Release|Any CPU.ActiveCfg = Release|Any CPU
		{90A1BBCC-6696-4F82-A6CF-3395FF1EA972}.Release|Any CPU.Build.0 = Release|Any CPU
	EndGlobalSection
	GlobalSection(SolutionProperties) = preSolution
		HideSolutionNode = FALSE
	EndGlobalSection
	GlobalSection(ExtensibilityGlobals) = postSolution
		SolutionGuid = {B184BE6A-368D-49E0-B134-FF17639527D8}
	EndGlobalSection
EndGlobal
